PODS:
  - Vision (0.1.0):
    - Vision/All (= 0.1.0)
  - Vision/All (0.1.0):
    - Vision/FPS
    - Vision/Launch
    - Vision/Metric
    - Vision/Util
    - Vision/Zombie
  - Vision/FPS (0.1.0)
  - Vision/Launch (0.1.0)
  - Vision/Metric (0.1.0)
  - Vision/Util (0.1.0)
  - Vision/Zombie (0.1.0):
    - Vision/Zombie-Arc
    - Vision/Zombile-NoArc
  - Vision/Zombie-Arc (0.1.0)
  - Vision/Zombile-NoArc (0.1.0):
    - Vision/Zombie-Arc

DEPENDENCIES:
  - Vision (from `../`)

EXTERNAL SOURCES:
  Vision:
    :path: "../"

SPEC CHECKSUMS:
  Vision: 7f10d5effe0b7e684dfa240054398ae2b12403c0

PODFILE CHECKSUM: 333adcc9c3f88c62d8495403e319da8ade55f150

COCOAPODS: 1.11.3
